
Microsoft Visual Studio Solution File, Format Version 12.00
# Visual Studio 15
VisualStudioVersion = 15.0.28307.645
MinimumVisualStudioVersion = 10.0.40219.1
Project("{FAE04EC0-301F-11D3-BF4B-00C04F79EFBC}") = "DockingManagerMVVMLight", "DockingManagerMVVMLight.csproj", "{4178A738-6B0E-477D-91F0-2CBD8233219D}"
EndProject
Project("{FAE04EC0-301F-11D3-BF4B-00C04F79EFBC}") = "DockingAdapterMVVM", "..\DockingAdapterMVVM\DockingAdapterMVVM.csproj", "{49CCE7A1-AE02-4D97-BBD9-10ECA52775D3}"
EndProject
Global
	GlobalSection(SolutionConfigurationPlatforms) = preSolution
		Debug|Any CPU = Debug|Any CPU
		Release|Any CPU = Release|Any CPU
	EndGlobalSection
	GlobalSection(ProjectConfigurationPlatforms) = postSolution
		{4178A738-6B0E-477D-91F0-2CBD8233219D}.Debug|Any CPU.ActiveCfg = Debug|Any CPU
		{4178A738-6B0E-477D-91F0-2CBD8233219D}.Debug|Any CPU.Build.0 = Debug|Any CPU
		{4178A738-6B0E-477D-91F0-2CBD8233219D}.Release|Any CPU.ActiveCfg = Release|Any CPU
		{4178A738-6B0E-477D-91F0-2CBD8233219D}.Release|Any CPU.Build.0 = Release|Any CPU
		{49CCE7A1-AE02-4D97-BBD9-10ECA52775D3}.Debug|Any CPU.ActiveCfg = Debug|Any CPU
		{49CCE7A1-AE02-4D97-BBD9-10ECA52775D3}.Debug|Any CPU.Build.0 = Debug|Any CPU
		{49CCE7A1-AE02-4D97-BBD9-10ECA52775D3}.Release|Any CPU.ActiveCfg = Release|Any CPU
		{49CCE7A1-AE02-4D97-BBD9-10ECA52775D3}.Release|Any CPU.Build.0 = Release|Any CPU
	EndGlobalSection
	GlobalSection(SolutionProperties) = preSolution
		HideSolutionNode = FALSE
	EndGlobalSection
	GlobalSection(ExtensibilityGlobals) = postSolution
		SolutionGuid = {6861F51E-7421-4AFE-80A7-012CE6AE03A2}
	EndGlobalSection
EndGlobal
